{
  "name": "Mr",
  "version": "1.0.0",
  "lockfileVersion": 2,
  "requires": true,
  "packages": {
    "": {
      "name": "Mr",
      "version": "1.0.0",
      "dependencies": {
        "mineflayer": "^4.37.1",
        "minecraft-protocol": "^1.66.2"
      }
    },
    "node_modules/mineflayer": {
      "version": "4.37.1",
      "resolved": "https://registry.npmjs.org/mineflayer/-/mineflayer-4.37.1.tgz",
      "integrity": "",
      "dev": false
    },
    "node_modules/minecraft-protocol": {
      "version": "1.66.2",
      "resolved": "https://registry.npmjs.org/minecraft-protocol/-/minecraft-protocol-1.66.2.tgz",
      "integrity": "",
      "dev": false
    }
  },
  "dependencies": {
    "mineflayer": {
      "version": "4.37.1",
      "resolved": "https://registry.npmjs.org/mineflayer/-/mineflayer-4.37.1.tgz",
      "integrity": "",
      "requires": {}
    },
    "minecraft-protocol": {
      "version": "1.66.2",
      "resolved": "https://registry.npmjs.org/minecraft-protocol/-/minecraft-protocol-1.66.2.tgz",
      "integrity": "",
      "requires": {}
    }
  }
}
